
Microsoft Visual Studio Solution File, Format Version 12.00
# Visual Studio 14
VisualStudioVersion = 14.0.25420.1
MinimumVisualStudioVersion = 10.0.40219.1
Project("{2150E333-8FDC-42A3-9474-1A3956D46DE8}") = "src", "src", "{91E28AB1-0E4D-4F45-BC11-837024E0DB5C}"
EndProject
Project("{2150E333-8FDC-42A3-9474-1A3956D46DE8}") = "Solution Items", "Solution Items", "{5B09D5C9-714C-4B87-84C5-BA413061F001}"
	ProjectSection(SolutionItems) = preProject
		global.json = global.json
	EndProjectSection
EndProject
Project("{8BB2217D-0F2D-49D1-97BC-3654ED321F3B}") = "TravellingCards", "src\TravellingCards\TravellingCards.xproj", "{B9AAE47E-A1C9-43A7-B554-A3C1DC96681E}"
EndProject
Project("{2150E333-8FDC-42A3-9474-1A3956D46DE8}") = "tests", "tests", "{81442561-A7DA-4399-9B82-F8BDCB0B25F8}"
EndProject
Project("{8BB2217D-0F2D-49D1-97BC-3654ED321F3B}") = "TravellingCards.Tests", "TravellingCards.Tests\TravellingCards.Tests.xproj", "{4FE7C681-5FD2-48FF-ADAA-9118D71868AE}"
EndProject
Global
	GlobalSection(SolutionConfigurationPlatforms) = preSolution
		Debug|Any CPU = Debug|Any CPU
		Release|Any CPU = Release|Any CPU
	EndGlobalSection
	GlobalSection(ProjectConfigurationPlatforms) = postSolution
		{B9AAE47E-A1C9-43A7-B554-A3C1DC96681E}.Debug|Any CPU.ActiveCfg = Debug|Any CPU
		{B9AAE47E-A1C9-43A7-B554-A3C1DC96681E}.Debug|Any CPU.Build.0 = Debug|Any CPU
		{B9AAE47E-A1C9-43A7-B554-A3C1DC96681E}.Release|Any CPU.ActiveCfg = Release|Any CPU
		{B9AAE47E-A1C9-43A7-B554-A3C1DC96681E}.Release|Any CPU.Build.0 = Release|Any CPU
		{4FE7C681-5FD2-48FF-ADAA-9118D71868AE}.Debug|Any CPU.ActiveCfg = Debug|Any CPU
		{4FE7C681-5FD2-48FF-ADAA-9118D71868AE}.Debug|Any CPU.Build.0 = Debug|Any CPU
		{4FE7C681-5FD2-48FF-ADAA-9118D71868AE}.Release|Any CPU.ActiveCfg = Release|Any CPU
		{4FE7C681-5FD2-48FF-ADAA-9118D71868AE}.Release|Any CPU.Build.0 = Release|Any CPU
	EndGlobalSection
	GlobalSection(SolutionProperties) = preSolution
		HideSolutionNode = FALSE
	EndGlobalSection
	GlobalSection(NestedProjects) = preSolution
		{B9AAE47E-A1C9-43A7-B554-A3C1DC96681E} = {91E28AB1-0E4D-4F45-BC11-837024E0DB5C}
		{4FE7C681-5FD2-48FF-ADAA-9118D71868AE} = {81442561-A7DA-4399-9B82-F8BDCB0B25F8}
	EndGlobalSection
EndGlobal
